
Microsoft Visual Studio Solution File, Format Version 12.00
# Visual Studio Version 17
VisualStudioVersion = 17.7.33711.374
MinimumVisualStudioVersion = 10.0.40219.1
Project("{9A19103F-16F7-4668-BE54-9A1E7A4F7556}") = "WrathPatches", "WrathPatches\WrathPatches.csproj", "{2D651098-A88E-4BC8-8008-2D4414497A77}"
EndProject
Project("{2150E333-8FDC-42A3-9474-1A3956D46DE8}") = "Solution Items", "Solution Items", "{4DE6A293-0C63-4588-A521-A577923C51A3}"
	ProjectSection(SolutionItems) = preProject
		common.props = common.props
		Repository.json = Repository.json
	EndProjectSection
EndProject
Global
	GlobalSection(SolutionConfigurationPlatforms) = preSolution
		Debug|Any CPU = Debug|Any CPU
		Release|Any CPU = Release|Any CPU
	EndGlobalSection
	GlobalSection(ProjectConfigurationPlatforms) = postSolution
		{2D651098-A88E-4BC8-8008-2D4414497A77}.Debug|Any CPU.ActiveCfg = Debug|Any CPU
		{2D651098-A88E-4BC8-8008-2D4414497A77}.Debug|Any CPU.Build.0 = Debug|Any CPU
		{2D651098-A88E-4BC8-8008-2D4414497A77}.Release|Any CPU.ActiveCfg = Release|Any CPU
		{2D651098-A88E-4BC8-8008-2D4414497A77}.Release|Any CPU.Build.0 = Release|Any CPU
	EndGlobalSection
	GlobalSection(SolutionProperties) = preSolution
		HideSolutionNode = FALSE
	EndGlobalSection
	GlobalSection(ExtensibilityGlobals) = postSolution
		SolutionGuid = {ED66E901-F169-4704-980D-5A24E4C767D6}
	EndGlobalSection
EndGlobal
